# THIS IS AN AUTOGENERATED FILE. DO NOT EDIT THIS FILE DIRECTLY.
# yarn lockfile v1


"@prisma/client@^3.9.0":
  version "3.9.0"
  resolved "https://registry.yarnpkg.com/@prisma/client/-/client-3.9.0.tgz#03b011fa441b8361cc461f8d502374730a1b91bd"
  integrity sha512-PByWVI7l+KYUQL/pqR81363qhUh3LhYMIYn2czz5slbt3JC6aAk+Wm7PE9nalqSE6s4xSIYdHj6N0yTNqr86sA==
  dependencies:
    "@prisma/engines-version" "3.9.0-58.bcc2ff906db47790ee902e7bbc76d7ffb1893009"

"@prisma/engines-version@3.9.0-58.bcc2ff906db47790ee902e7bbc76d7ffb1893009":
  version "3.9.0-58.bcc2ff906db47790ee902e7bbc76d7ffb1893009"
  resolved "https://registry.yarnpkg.com/@prisma/engines-version/-/engines-version-3.9.0-58.bcc2ff906db47790ee902e7bbc76d7ffb1893009.tgz#ea03ffa723382a526dc6625ce6eae9b6ad984400"
  integrity sha512-5Dh+qTDhpPR66w6NNAnPs+/W/Qt4r1DSd+qhfPFcDThUK4uxoZKGlPb2IYQn5LL+18aIGnmteDf7BnVMmvBNSQ==

"@prisma/engines@3.8.0-43.34df67547cf5598f5a6cd3eb45f14ee70c3fb86f":
  version "3.8.0-43.34df67547cf5598f5a6cd3eb45f14ee70c3fb86f"
  resolved "https://registry.yarnpkg.com/@prisma/engines/-/engines-3.8.0-43.34df67547cf5598f5a6cd3eb45f14ee70c3fb86f.tgz#4479099b99f6a082ce5843ee7208943ccedd127f"
  integrity sha512-bHYubuItSN/DGYo36aDu7xJiJmK52JOSHs4MK+KbceAtwS20BCWadRgtpQ3iZ2EXfN/B1T0iCXlNraaNwnpU2w==

prisma@^3.8.1:
  version "3.8.1"
  resolved "https://registry.yarnpkg.com/prisma/-/prisma-3.8.1.tgz#44395cef7cbb1ea86216cb84ee02f856c08a7873"
  integrity sha512-Q8zHwS9m70TaD7qI8u+8hTAmiTpK+IpvRYF3Rgb/OeWGQJOMgZCFFvNCiSfoLEQ95wilK7ctW3KOpc9AuYnRUA==
  dependencies:
    "@prisma/engines" "3.8.0-43.34df67547cf5598f5a6cd3eb45f14ee70c3fb86f"
